
Microsoft Visual Studio Solution File, Format Version 12.00
# Visual Studio Version 17
VisualStudioVersion = 17.6.33815.320
MinimumVisualStudioVersion = 10.0.40219.1
Project("{FAE04EC0-301F-11D3-BF4B-00C04F79EFBC}") = "AlumnosUNIBE", "AlumnosUNIBE\AlumnosUNIBE.csproj", "{02E0F06C-8834-4D5A-A29B-4B993E7B736A}"
EndProject
Project("{FAE04EC0-301F-11D3-BF4B-00C04F79EFBC}") = "capaDatos", "capaDatos\capaDatos.csproj", "{20DF87E9-DAC9-41B0-9671-491A2CAD64C1}"
EndProject
Project("{FAE04EC0-301F-11D3-BF4B-00C04F79EFBC}") = "capaModelo", "capaModelo\capaModelo.csproj", "{D340B274-1909-423F-AE5B-F06525BF2CFF}"
EndProject
Project("{FAE04EC0-301F-11D3-BF4B-00C04F79EFBC}") = "capaNegocio", "capaNegocio\capaNegocio.csproj", "{494047A8-5ADD-4AF4-A03F-1B93D7452844}"
EndProject
Global
	GlobalSection(SolutionConfigurationPlatforms) = preSolution
		Debug|Any CPU = Debug|Any CPU
		Release|Any CPU = Release|Any CPU
	EndGlobalSection
	GlobalSection(ProjectConfigurationPlatforms) = postSolution
		{02E0F06C-8834-4D5A-A29B-4B993E7B736A}.Debug|Any CPU.ActiveCfg = Debug|Any CPU
		{02E0F06C-8834-4D5A-A29B-4B993E7B736A}.Debug|Any CPU.Build.0 = Debug|Any CPU
		{02E0F06C-8834-4D5A-A29B-4B993E7B736A}.Release|Any CPU.ActiveCfg = Release|Any CPU
		{02E0F06C-8834-4D5A-A29B-4B993E7B736A}.Release|Any CPU.Build.0 = Release|Any CPU
		{20DF87E9-DAC9-41B0-9671-491A2CAD64C1}.Debug|Any CPU.ActiveCfg = Debug|Any CPU
		{20DF87E9-DAC9-41B0-9671-491A2CAD64C1}.Debug|Any CPU.Build.0 = Debug|Any CPU
		{20DF87E9-DAC9-41B0-9671-491A2CAD64C1}.Release|Any CPU.ActiveCfg = Release|Any CPU
		{20DF87E9-DAC9-41B0-9671-491A2CAD64C1}.Release|Any CPU.Build.0 = Release|Any CPU
		{D340B274-1909-423F-AE5B-F06525BF2CFF}.Debug|Any CPU.ActiveCfg = Debug|Any CPU
		{D340B274-1909-423F-AE5B-F06525BF2CFF}.Debug|Any CPU.Build.0 = Debug|Any CPU
		{D340B274-1909-423F-AE5B-F06525BF2CFF}.Release|Any CPU.ActiveCfg = Release|Any CPU
		{D340B274-1909-423F-AE5B-F06525BF2CFF}.Release|Any CPU.Build.0 = Release|Any CPU
		{494047A8-5ADD-4AF4-A03F-1B93D7452844}.Debug|Any CPU.ActiveCfg = Debug|Any CPU
		{494047A8-5ADD-4AF4-A03F-1B93D7452844}.Debug|Any CPU.Build.0 = Debug|Any CPU
		{494047A8-5ADD-4AF4-A03F-1B93D7452844}.Release|Any CPU.ActiveCfg = Release|Any CPU
		{494047A8-5ADD-4AF4-A03F-1B93D7452844}.Release|Any CPU.Build.0 = Release|Any CPU
	EndGlobalSection
	GlobalSection(SolutionProperties) = preSolution
		HideSolutionNode = FALSE
	EndGlobalSection
	GlobalSection(ExtensibilityGlobals) = postSolution
		SolutionGuid = {DFC7AD27-DD30-4450-85BC-04ACD378D061}
	EndGlobalSection
EndGlobal
